
Microsoft Visual Studio Solution File, Format Version 12.00
# Visual Studio Version 16
VisualStudioVersion = 16.0.30128.74
MinimumVisualStudioVersion = 10.0.40219.1
Project("{9A19103F-16F7-4668-BE54-9A1E7A4F7556}") = "socialGame.WEB", "socialGame.WEB\socialGame.WEB.csproj", "{A0151E98-1233-4898-9AF8-12DA2A851793}"
EndProject
Project("{9A19103F-16F7-4668-BE54-9A1E7A4F7556}") = "socialGame.DAL", "socialGame.DAL\socialGame.DAL.csproj", "{53A890E7-4058-4C9B-A54C-7AE973E13D07}"
EndProject
Project("{9A19103F-16F7-4668-BE54-9A1E7A4F7556}") = "socialGame.BLL", "socialGame.BLL\socialGame.BLL.csproj", "{AAC172FD-3052-4002-A623-07D124AA4AF1}"
EndProject
Project("{FAE04EC0-301F-11D3-BF4B-00C04F79EFBC}") = "socialGame.API", "socialGame.API\socialGame.API.csproj", "{D6933B94-E592-4342-AEC8-514FB885A4BF}"
EndProject
Global
	GlobalSection(SolutionConfigurationPlatforms) = preSolution
		Debug|Any CPU = Debug|Any CPU
		Release|Any CPU = Release|Any CPU
	EndGlobalSection
	GlobalSection(ProjectConfigurationPlatforms) = postSolution
		{A0151E98-1233-4898-9AF8-12DA2A851793}.Debug|Any CPU.ActiveCfg = Debug|Any CPU
		{A0151E98-1233-4898-9AF8-12DA2A851793}.Debug|Any CPU.Build.0 = Debug|Any CPU
		{A0151E98-1233-4898-9AF8-12DA2A851793}.Release|Any CPU.ActiveCfg = Release|Any CPU
		{A0151E98-1233-4898-9AF8-12DA2A851793}.Release|Any CPU.Build.0 = Release|Any CPU
		{53A890E7-4058-4C9B-A54C-7AE973E13D07}.Debug|Any CPU.ActiveCfg = Debug|Any CPU
		{53A890E7-4058-4C9B-A54C-7AE973E13D07}.Debug|Any CPU.Build.0 = Debug|Any CPU
		{53A890E7-4058-4C9B-A54C-7AE973E13D07}.Release|Any CPU.ActiveCfg = Release|Any CPU
		{53A890E7-4058-4C9B-A54C-7AE973E13D07}.Release|Any CPU.Build.0 = Release|Any CPU
		{AAC172FD-3052-4002-A623-07D124AA4AF1}.Debug|Any CPU.ActiveCfg = Debug|Any CPU
		{AAC172FD-3052-4002-A623-07D124AA4AF1}.Debug|Any CPU.Build.0 = Debug|Any CPU
		{AAC172FD-3052-4002-A623-07D124AA4AF1}.Release|Any CPU.ActiveCfg = Release|Any CPU
		{AAC172FD-3052-4002-A623-07D124AA4AF1}.Release|Any CPU.Build.0 = Release|Any CPU
		{D6933B94-E592-4342-AEC8-514FB885A4BF}.Debug|Any CPU.ActiveCfg = Debug|Any CPU
		{D6933B94-E592-4342-AEC8-514FB885A4BF}.Debug|Any CPU.Build.0 = Debug|Any CPU
		{D6933B94-E592-4342-AEC8-514FB885A4BF}.Release|Any CPU.ActiveCfg = Release|Any CPU
		{D6933B94-E592-4342-AEC8-514FB885A4BF}.Release|Any CPU.Build.0 = Release|Any CPU
	EndGlobalSection
	GlobalSection(SolutionProperties) = preSolution
		HideSolutionNode = FALSE
	EndGlobalSection
	GlobalSection(ExtensibilityGlobals) = postSolution
		SolutionGuid = {5CA6FE67-BCC1-4FE1-A86A-9E5E51CBB8AA}
	EndGlobalSection
EndGlobal
